
Microsoft Visual Studio Solution File, Format Version 11.00
# Visual Studio 2010
Project("{F184B08F-C81C-45F6-A57F-5ABD9991F28F}") = "PlayVerse", "PlayVerse\PlayVerse.vbproj", "{1BE5B65B-B115-4276-8A95-290EAB590161}"
EndProject
Global
	GlobalSection(SolutionConfigurationPlatforms) = preSolution
		Debug|x86 = Debug|x86
		Release|x86 = Release|x86
	EndGlobalSection
	GlobalSection(ProjectConfigurationPlatforms) = postSolution
		{1BE5B65B-B115-4276-8A95-290EAB590161}.Debug|x86.ActiveCfg = Debug|x86
		{1BE5B65B-B115-4276-8A95-290EAB590161}.Debug|x86.Build.0 = Debug|x86
		{1BE5B65B-B115-4276-8A95-290EAB590161}.Release|x86.ActiveCfg = Release|x86
		{1BE5B65B-B115-4276-8A95-290EAB590161}.Release|x86.Build.0 = Release|x86
	EndGlobalSection
	GlobalSection(SolutionProperties) = preSolution
		HideSolutionNode = FALSE
	EndGlobalSection
EndGlobal
